
Microsoft Visual Studio Solution File, Format Version 12.00
# Visual Studio 15
Project("{FAE04EC0-301F-11D3-BF4B-00C04F79EFBC}") = "Assembly-CSharp-firstpass", "Assembly-CSharp-firstpass.csproj", "{1540286F-7778-5C23-70F0-CA476BD05DB8}"
EndProject
Project("{FAE04EC0-301F-11D3-BF4B-00C04F79EFBC}") = "Assembly-CSharp", "Assembly-CSharp.csproj", "{901D6382-7021-D26E-AD46-284919BA4A35}"
EndProject
Project("{FAE04EC0-301F-11D3-BF4B-00C04F79EFBC}") = "Assembly-CSharp-Editor-firstpass", "Assembly-CSharp-Editor-firstpass.csproj", "{3D6A6957-E281-18B7-7489-DE5052BF5389}"
EndProject
Global
	GlobalSection(SolutionConfigurationPlatforms) = preSolution
		Debug|Any CPU = Debug|Any CPU
		Release|Any CPU = Release|Any CPU
	EndGlobalSection
	GlobalSection(ProjectConfigurationPlatforms) = postSolution
		{1540286F-7778-5C23-70F0-CA476BD05DB8}.Debug|Any CPU.ActiveCfg = Debug|Any CPU
		{1540286F-7778-5C23-70F0-CA476BD05DB8}.Debug|Any CPU.Build.0 = Debug|Any CPU
		{1540286F-7778-5C23-70F0-CA476BD05DB8}.Release|Any CPU.ActiveCfg = Release|Any CPU
		{1540286F-7778-5C23-70F0-CA476BD05DB8}.Release|Any CPU.Build.0 = Release|Any CPU
		{901D6382-7021-D26E-AD46-284919BA4A35}.Debug|Any CPU.ActiveCfg = Debug|Any CPU
		{901D6382-7021-D26E-AD46-284919BA4A35}.Debug|Any CPU.Build.0 = Debug|Any CPU
		{901D6382-7021-D26E-AD46-284919BA4A35}.Release|Any CPU.ActiveCfg = Release|Any CPU
		{901D6382-7021-D26E-AD46-284919BA4A35}.Release|Any CPU.Build.0 = Release|Any CPU
		{3D6A6957-E281-18B7-7489-DE5052BF5389}.Debug|Any CPU.ActiveCfg = Debug|Any CPU
		{3D6A6957-E281-18B7-7489-DE5052BF5389}.Debug|Any CPU.Build.0 = Debug|Any CPU
		{3D6A6957-E281-18B7-7489-DE5052BF5389}.Release|Any CPU.ActiveCfg = Release|Any CPU
		{3D6A6957-E281-18B7-7489-DE5052BF5389}.Release|Any CPU.Build.0 = Release|Any CPU
	EndGlobalSection
	GlobalSection(SolutionProperties) = preSolution
		HideSolutionNode = FALSE
	EndGlobalSection
EndGlobal
